
Microsoft Visual Studio Solution File, Format Version 12.00
# Visual Studio Version 17
VisualStudioVersion = 17.13.35825.156 d17.13
MinimumVisualStudioVersion = 10.0.40219.1
Project("{FAE04EC0-301F-11D3-BF4B-00C04F79EFBC}") = "Ventixe_Backend", "Ventixe_Backend\Ventixe_Backend.csproj", "{9F13DA71-6A7B-4B4E-9F46-D984684EDEF4}"
EndProject
Project("{FAE04EC0-301F-11D3-BF4B-00C04F79EFBC}") = "Mock_Booking", "Mock_Booking\Mock_Booking.csproj", "{38DB7DF5-2B06-4CE2-84F3-0FAD9350DB47}"
EndProject
Global
	GlobalSection(SolutionConfigurationPlatforms) = preSolution
		Debug|Any CPU = Debug|Any CPU
		Release|Any CPU = Release|Any CPU
	EndGlobalSection
	GlobalSection(ProjectConfigurationPlatforms) = postSolution
		{9F13DA71-6A7B-4B4E-9F46-D984684EDEF4}.Debug|Any CPU.ActiveCfg = Debug|Any CPU
		{9F13DA71-6A7B-4B4E-9F46-D984684EDEF4}.Debug|Any CPU.Build.0 = Debug|Any CPU
		{9F13DA71-6A7B-4B4E-9F46-D984684EDEF4}.Release|Any CPU.ActiveCfg = Release|Any CPU
		{9F13DA71-6A7B-4B4E-9F46-D984684EDEF4}.Release|Any CPU.Build.0 = Release|Any CPU
		{38DB7DF5-2B06-4CE2-84F3-0FAD9350DB47}.Debug|Any CPU.ActiveCfg = Debug|Any CPU
		{38DB7DF5-2B06-4CE2-84F3-0FAD9350DB47}.Debug|Any CPU.Build.0 = Debug|Any CPU
		{38DB7DF5-2B06-4CE2-84F3-0FAD9350DB47}.Release|Any CPU.ActiveCfg = Release|Any CPU
		{38DB7DF5-2B06-4CE2-84F3-0FAD9350DB47}.Release|Any CPU.Build.0 = Release|Any CPU
	EndGlobalSection
	GlobalSection(SolutionProperties) = preSolution
		HideSolutionNode = FALSE
	EndGlobalSection
	GlobalSection(ExtensibilityGlobals) = postSolution
		SolutionGuid = {0C582868-0E70-4781-851F-710C0C7F3214}
	EndGlobalSection
EndGlobal
